
Microsoft Visual Studio Solution File, Format Version 12.00
# Visual Studio Version 17
VisualStudioVersion = 17.0.32014.148
MinimumVisualStudioVersion = 10.0.40219.1
Project("{FAE04EC0-301F-11D3-BF4B-00C04F79EFBC}") = "WorkflowEngine", "WorkflowEngine\WorkflowEngine.csproj", "{C4BB2BEE-C149-4790-9AB0-A9DB0E8BC589}"
EndProject
Global
	GlobalSection(SolutionConfigurationPlatforms) = preSolution
		Debug|Any CPU = Debug|Any CPU
		Release|Any CPU = Release|Any CPU
	EndGlobalSection
	GlobalSection(ProjectConfigurationPlatforms) = postSolution
		{C4BB2BEE-C149-4790-9AB0-A9DB0E8BC589}.Debug|Any CPU.ActiveCfg = Debug|Any CPU
		{C4BB2BEE-C149-4790-9AB0-A9DB0E8BC589}.Debug|Any CPU.Build.0 = Debug|Any CPU
		{C4BB2BEE-C149-4790-9AB0-A9DB0E8BC589}.Release|Any CPU.ActiveCfg = Release|Any CPU
		{C4BB2BEE-C149-4790-9AB0-A9DB0E8BC589}.Release|Any CPU.Build.0 = Release|Any CPU
	EndGlobalSection
	GlobalSection(SolutionProperties) = preSolution
		HideSolutionNode = FALSE
	EndGlobalSection
	GlobalSection(ExtensibilityGlobals) = postSolution
		SolutionGuid = {8B7FCC0B-1061-4B8E-9D7B-2ACE5CEE1AC9}
	EndGlobalSection
EndGlobal
